
Microsoft Visual Studio Solution File, Format Version 12.00
# Visual Studio 15
VisualStudioVersion = 15.0.26730.15
MinimumVisualStudioVersion = 10.0.40219.1
Project("{FAE04EC0-301F-11D3-BF4B-00C04F79EFBC}") = "ZeroDowntime.WebApp", "platform\ZeroDowntime.WebApp\ZeroDowntime.WebApp.csproj", "{91FD3674-FB93-4A8D-BA41-80F0864C6F4C}"
EndProject
Project("{FAE04EC0-301F-11D3-BF4B-00C04F79EFBC}") = "ZeroDowntime.Functions", "platform\ZeroDowntime.Functions\ZeroDowntime.Functions.csproj", "{55045C0C-E428-422A-A31E-7F537B06BF96}"
EndProject
Project("{FAE04EC0-301F-11D3-BF4B-00C04F79EFBC}") = "ZeroDowntime.Core", "platform\ZeroDowntime.Core\ZeroDowntime.Core.csproj", "{6057A3FA-F409-48F6-A393-6D55AB1F3A61}"
EndProject
Global
	GlobalSection(SolutionConfigurationPlatforms) = preSolution
		Debug|Any CPU = Debug|Any CPU
		Release|Any CPU = Release|Any CPU
	EndGlobalSection
	GlobalSection(ProjectConfigurationPlatforms) = postSolution
		{91FD3674-FB93-4A8D-BA41-80F0864C6F4C}.Debug|Any CPU.ActiveCfg = Debug|Any CPU
		{91FD3674-FB93-4A8D-BA41-80F0864C6F4C}.Debug|Any CPU.Build.0 = Debug|Any CPU
		{91FD3674-FB93-4A8D-BA41-80F0864C6F4C}.Release|Any CPU.ActiveCfg = Release|Any CPU
		{91FD3674-FB93-4A8D-BA41-80F0864C6F4C}.Release|Any CPU.Build.0 = Release|Any CPU
		{55045C0C-E428-422A-A31E-7F537B06BF96}.Debug|Any CPU.ActiveCfg = Debug|Any CPU
		{55045C0C-E428-422A-A31E-7F537B06BF96}.Debug|Any CPU.Build.0 = Debug|Any CPU
		{55045C0C-E428-422A-A31E-7F537B06BF96}.Release|Any CPU.ActiveCfg = Release|Any CPU
		{55045C0C-E428-422A-A31E-7F537B06BF96}.Release|Any CPU.Build.0 = Release|Any CPU
		{6057A3FA-F409-48F6-A393-6D55AB1F3A61}.Debug|Any CPU.ActiveCfg = Debug|Any CPU
		{6057A3FA-F409-48F6-A393-6D55AB1F3A61}.Debug|Any CPU.Build.0 = Debug|Any CPU
		{6057A3FA-F409-48F6-A393-6D55AB1F3A61}.Release|Any CPU.ActiveCfg = Release|Any CPU
		{6057A3FA-F409-48F6-A393-6D55AB1F3A61}.Release|Any CPU.Build.0 = Release|Any CPU
	EndGlobalSection
	GlobalSection(SolutionProperties) = preSolution
		HideSolutionNode = FALSE
	EndGlobalSection
	GlobalSection(ExtensibilityGlobals) = postSolution
		SolutionGuid = {AB897155-A96A-41D8-809E-1C3A986FF702}
	EndGlobalSection
EndGlobal
